
Microsoft Visual Studio Solution File, Format Version 12.00
# Visual Studio Version 16
VisualStudioVersion = 16.0.30804.86
MinimumVisualStudioVersion = 10.0.40219.1
Project("{2150E333-8FDC-42A3-9474-1A3956D46DE8}") = "Feature", "Feature", "{17DD5718-6E13-4F2C-9738-B410396D4552}"
EndProject
Project("{2150E333-8FDC-42A3-9474-1A3956D46DE8}") = "Foundation", "Foundation", "{4FDA1DCD-D33E-447E-91C1-F4AE818E2CF0}"
EndProject
Project("{2150E333-8FDC-42A3-9474-1A3956D46DE8}") = "Project", "Project", "{15D97D61-D597-42EC-B7E9-E9EC8130E630}"
EndProject
Project("{2150E333-8FDC-42A3-9474-1A3956D46DE8}") = "_Solution", "_Solution", "{ADCA10F7-A1D2-407B-8074-60418168C02E}"
	ProjectSection(SolutionItems) = preProject
		.editorconfig = .editorconfig
		.gitattributes = .gitattributes
		.gitignore = .gitignore
		nuget.config = nuget.config
		README.md = README.md
	EndProjectSection
EndProject
Project("{2150E333-8FDC-42A3-9474-1A3956D46DE8}") = "Cache", "Cache", "{AFAABCE3-2B3F-4851-95CC-A25CF9EF4B55}"
EndProject
Project("{FAE04EC0-301F-11D3-BF4B-00C04F79EFBC}") = "Hackathon.CLI.Feature.Cache", "..\src\Feature\Cache\Hackathon.CLI.Feature.Cache.csproj", "{BEA83958-2C2A-458F-87C5-FA84AA2A9133}"
EndProject
Project("{2150E333-8FDC-42A3-9474-1A3956D46DE8}") = "Extensibility", "Extensibility", "{EC1A4AC3-6D13-4C74-83A5-F308CE0F3786}"
EndProject
Project("{9A19103F-16F7-4668-BE54-9A1E7A4F7556}") = "Hackathon.CLI.Feature.Extensibility.Caching", "..\src\Feature\Extensibility\Hackathon.CLI.Feature.Extensibility.Caching.csproj", "{C13764FD-0B22-4732-951E-5CF0A0998F57}"
EndProject
Global
	GlobalSection(SolutionConfigurationPlatforms) = preSolution
		Debug|Any CPU = Debug|Any CPU
		Release|Any CPU = Release|Any CPU
	EndGlobalSection
	GlobalSection(ProjectConfigurationPlatforms) = postSolution
		{BEA83958-2C2A-458F-87C5-FA84AA2A9133}.Debug|Any CPU.ActiveCfg = Debug|Any CPU
		{BEA83958-2C2A-458F-87C5-FA84AA2A9133}.Debug|Any CPU.Build.0 = Debug|Any CPU
		{BEA83958-2C2A-458F-87C5-FA84AA2A9133}.Release|Any CPU.ActiveCfg = Release|Any CPU
		{BEA83958-2C2A-458F-87C5-FA84AA2A9133}.Release|Any CPU.Build.0 = Release|Any CPU
		{C13764FD-0B22-4732-951E-5CF0A0998F57}.Debug|Any CPU.ActiveCfg = Debug|Any CPU
		{C13764FD-0B22-4732-951E-5CF0A0998F57}.Debug|Any CPU.Build.0 = Debug|Any CPU
		{C13764FD-0B22-4732-951E-5CF0A0998F57}.Release|Any CPU.ActiveCfg = Release|Any CPU
		{C13764FD-0B22-4732-951E-5CF0A0998F57}.Release|Any CPU.Build.0 = Release|Any CPU
	EndGlobalSection
	GlobalSection(SolutionProperties) = preSolution
		HideSolutionNode = FALSE
	EndGlobalSection
	GlobalSection(NestedProjects) = preSolution
		{AFAABCE3-2B3F-4851-95CC-A25CF9EF4B55} = {17DD5718-6E13-4F2C-9738-B410396D4552}
		{BEA83958-2C2A-458F-87C5-FA84AA2A9133} = {AFAABCE3-2B3F-4851-95CC-A25CF9EF4B55}
		{EC1A4AC3-6D13-4C74-83A5-F308CE0F3786} = {17DD5718-6E13-4F2C-9738-B410396D4552}
		{C13764FD-0B22-4732-951E-5CF0A0998F57} = {EC1A4AC3-6D13-4C74-83A5-F308CE0F3786}
	EndGlobalSection
	GlobalSection(ExtensibilityGlobals) = postSolution
		SolutionGuid = {311DA37D-528B-43B2-A99B-E7253F841D46}
	EndGlobalSection
EndGlobal
